
Microsoft Visual Studio Solution File, Format Version 12.00
# Visual Studio Version 16
VisualStudioVersion = 16.0.29424.173
MinimumVisualStudioVersion = 10.0.40219.1
Project("{8BC9CEB8-8B4A-11D0-8D11-00A0C91BC942}") = "Konstruisto", "Konstruisto.vcxproj", "{F65700EB-3C4B-4515-B259-C5125BD573DA}"
EndProject
Global
	GlobalSection(SolutionConfigurationPlatforms) = preSolution
		Debug|x64 = Debug|x64
		Debug|x86 = Debug|x86
		Release|x64 = Release|x64
		Release|x86 = Release|x86
	EndGlobalSection
	GlobalSection(ProjectConfigurationPlatforms) = postSolution
		{F65700EB-3C4B-4515-B259-C5125BD573DA}.Debug|x64.ActiveCfg = Debug|x64
		{F65700EB-3C4B-4515-B259-C5125BD573DA}.Debug|x64.Build.0 = Debug|x64
		{F65700EB-3C4B-4515-B259-C5125BD573DA}.Debug|x86.ActiveCfg = Debug|Win32
		{F65700EB-3C4B-4515-B259-C5125BD573DA}.Debug|x86.Build.0 = Debug|Win32
		{F65700EB-3C4B-4515-B259-C5125BD573DA}.Release|x64.ActiveCfg = Release|x64
		{F65700EB-3C4B-4515-B259-C5125BD573DA}.Release|x64.Build.0 = Release|x64
		{F65700EB-3C4B-4515-B259-C5125BD573DA}.Release|x86.ActiveCfg = Release|Win32
		{F65700EB-3C4B-4515-B259-C5125BD573DA}.Release|x86.Build.0 = Release|Win32
	EndGlobalSection
	GlobalSection(SolutionProperties) = preSolution
		HideSolutionNode = FALSE
	EndGlobalSection
	GlobalSection(ExtensibilityGlobals) = postSolution
		SolutionGuid = {F3067856-5278-4FC9-9016-7D84E02B3424}
	EndGlobalSection
EndGlobal
